
Microsoft Visual Studio Solution File, Format Version 12.00
# Visual Studio Version 17
VisualStudioVersion = 17.0.31903.59
MinimumVisualStudioVersion = 10.0.40219.1
Project("{2150E333-8FDC-42A3-9474-1A3956D46DE8}") = "src", "src", "{827E0CD3-B72D-47B6-A68D-7590B98EB39B}"
EndProject
Project("{FAE04EC0-301F-11D3-BF4B-00C04F79EFBC}") = "SmartAIAgent.Domain", "src\SmartAIAgent.Domain\SmartAIAgent.Domain.csproj", "{50FBDDBB-2FC0-480C-B1B6-A378FDB770A3}"
EndProject
Project("{FAE04EC0-301F-11D3-BF4B-00C04F79EFBC}") = "SmartAIAgent.Application", "src\SmartAIAgent.Application\SmartAIAgent.Application.csproj", "{FC422364-BC30-4845-93DD-A68BAA82330C}"
EndProject
Project("{FAE04EC0-301F-11D3-BF4B-00C04F79EFBC}") = "SmartAIAgent.Infrastructure", "src\SmartAIAgent.Infrastructure\SmartAIAgent.Infrastructure.csproj", "{D87DFABC-E815-4C8B-9484-3EB7D4AEDBBB}"
EndProject
Project("{FAE04EC0-301F-11D3-BF4B-00C04F79EFBC}") = "SmartAIAgent.Api", "src\SmartAIAgent.Api\SmartAIAgent.Api.csproj", "{955125E7-C707-4D04-AAF5-6CC5F6B9121D}"
EndProject
Project("{2150E333-8FDC-42A3-9474-1A3956D46DE8}") = "tests", "tests", "{0AB3BF05-4346-4AA6-1389-037BE0695223}"
EndProject
Project("{FAE04EC0-301F-11D3-BF4B-00C04F79EFBC}") = "SmartAIAgent.UnitTests", "tests\SmartAIAgent.UnitTests\SmartAIAgent.UnitTests.csproj", "{F292ECE2-3673-4163-88FD-689085FAD48A}"
EndProject
Project("{FAE04EC0-301F-11D3-BF4B-00C04F79EFBC}") = "SmartAIAgent.IntegrationTests", "tests\SmartAIAgent.IntegrationTests\SmartAIAgent.IntegrationTests.csproj", "{FB5AE940-08C6-4061-A6C9-F225C131124A}"
EndProject
Global
	GlobalSection(SolutionConfigurationPlatforms) = preSolution
		Debug|Any CPU = Debug|Any CPU
		Debug|x64 = Debug|x64
		Debug|x86 = Debug|x86
		Release|Any CPU = Release|Any CPU
		Release|x64 = Release|x64
		Release|x86 = Release|x86
	EndGlobalSection
	GlobalSection(ProjectConfigurationPlatforms) = postSolution
		{50FBDDBB-2FC0-480C-B1B6-A378FDB770A3}.Debug|Any CPU.ActiveCfg = Debug|Any CPU
		{50FBDDBB-2FC0-480C-B1B6-A378FDB770A3}.Debug|Any CPU.Build.0 = Debug|Any CPU
		{50FBDDBB-2FC0-480C-B1B6-A378FDB770A3}.Debug|x64.ActiveCfg = Debug|Any CPU
		{50FBDDBB-2FC0-480C-B1B6-A378FDB770A3}.Debug|x64.Build.0 = Debug|Any CPU
		{50FBDDBB-2FC0-480C-B1B6-A378FDB770A3}.Debug|x86.ActiveCfg = Debug|Any CPU
		{50FBDDBB-2FC0-480C-B1B6-A378FDB770A3}.Debug|x86.Build.0 = Debug|Any CPU
		{50FBDDBB-2FC0-480C-B1B6-A378FDB770A3}.Release|Any CPU.ActiveCfg = Release|Any CPU
		{50FBDDBB-2FC0-480C-B1B6-A378FDB770A3}.Release|Any CPU.Build.0 = Release|Any CPU
		{50FBDDBB-2FC0-480C-B1B6-A378FDB770A3}.Release|x64.ActiveCfg = Release|Any CPU
		{50FBDDBB-2FC0-480C-B1B6-A378FDB770A3}.Release|x64.Build.0 = Release|Any CPU
		{50FBDDBB-2FC0-480C-B1B6-A378FDB770A3}.Release|x86.ActiveCfg = Release|Any CPU
		{50FBDDBB-2FC0-480C-B1B6-A378FDB770A3}.Release|x86.Build.0 = Release|Any CPU
		{FC422364-BC30-4845-93DD-A68BAA82330C}.Debug|Any CPU.ActiveCfg = Debug|Any CPU
		{FC422364-BC30-4845-93DD-A68BAA82330C}.Debug|Any CPU.Build.0 = Debug|Any CPU
		{FC422364-BC30-4845-93DD-A68BAA82330C}.Debug|x64.ActiveCfg = Debug|Any CPU
		{FC422364-BC30-4845-93DD-A68BAA82330C}.Debug|x64.Build.0 = Debug|Any CPU
		{FC422364-BC30-4845-93DD-A68BAA82330C}.Debug|x86.ActiveCfg = Debug|Any CPU
		{FC422364-BC30-4845-93DD-A68BAA82330C}.Debug|x86.Build.0 = Debug|Any CPU
		{FC422364-BC30-4845-93DD-A68BAA82330C}.Release|Any CPU.ActiveCfg = Release|Any CPU
		{FC422364-BC30-4845-93DD-A68BAA82330C}.Release|Any CPU.Build.0 = Release|Any CPU
		{FC422364-BC30-4845-93DD-A68BAA82330C}.Release|x64.ActiveCfg = Release|Any CPU
		{FC422364-BC30-4845-93DD-A68BAA82330C}.Release|x64.Build.0 = Release|Any CPU
		{FC422364-BC30-4845-93DD-A68BAA82330C}.Release|x86.ActiveCfg = Release|Any CPU
		{FC422364-BC30-4845-93DD-A68BAA82330C}.Release|x86.Build.0 = Release|Any CPU
		{D87DFABC-E815-4C8B-9484-3EB7D4AEDBBB}.Debug|Any CPU.ActiveCfg = Debug|Any CPU
		{D87DFABC-E815-4C8B-9484-3EB7D4AEDBBB}.Debug|Any CPU.Build.0 = Debug|Any CPU
		{D87DFABC-E815-4C8B-9484-3EB7D4AEDBBB}.Debug|x64.ActiveCfg = Debug|Any CPU
		{D87DFABC-E815-4C8B-9484-3EB7D4AEDBBB}.Debug|x64.Build.0 = Debug|Any CPU
		{D87DFABC-E815-4C8B-9484-3EB7D4AEDBBB}.Debug|x86.ActiveCfg = Debug|Any CPU
		{D87DFABC-E815-4C8B-9484-3EB7D4AEDBBB}.Debug|x86.Build.0 = Debug|Any CPU
		{D87DFABC-E815-4C8B-9484-3EB7D4AEDBBB}.Release|Any CPU.ActiveCfg = Release|Any CPU
		{D87DFABC-E815-4C8B-9484-3EB7D4AEDBBB}.Release|Any CPU.Build.0 = Release|Any CPU
		{D87DFABC-E815-4C8B-9484-3EB7D4AEDBBB}.Release|x64.ActiveCfg = Release|Any CPU
		{D87DFABC-E815-4C8B-9484-3EB7D4AEDBBB}.Release|x64.Build.0 = Release|Any CPU
		{D87DFABC-E815-4C8B-9484-3EB7D4AEDBBB}.Release|x86.ActiveCfg = Release|Any CPU
		{D87DFABC-E815-4C8B-9484-3EB7D4AEDBBB}.Release|x86.Build.0 = Release|Any CPU
		{955125E7-C707-4D04-AAF5-6CC5F6B9121D}.Debug|Any CPU.ActiveCfg = Debug|Any CPU
		{955125E7-C707-4D04-AAF5-6CC5F6B9121D}.Debug|Any CPU.Build.0 = Debug|Any CPU
		{955125E7-C707-4D04-AAF5-6CC5F6B9121D}.Debug|x64.ActiveCfg = Debug|Any CPU
		{955125E7-C707-4D04-AAF5-6CC5F6B9121D}.Debug|x64.Build.0 = Debug|Any CPU
		{955125E7-C707-4D04-AAF5-6CC5F6B9121D}.Debug|x86.ActiveCfg = Debug|Any CPU
		{955125E7-C707-4D04-AAF5-6CC5F6B9121D}.Debug|x86.Build.0 = Debug|Any CPU
		{955125E7-C707-4D04-AAF5-6CC5F6B9121D}.Release|Any CPU.ActiveCfg = Release|Any CPU
		{955125E7-C707-4D04-AAF5-6CC5F6B9121D}.Release|Any CPU.Build.0 = Release|Any CPU
		{955125E7-C707-4D04-AAF5-6CC5F6B9121D}.Release|x64.ActiveCfg = Release|Any CPU
		{955125E7-C707-4D04-AAF5-6CC5F6B9121D}.Release|x64.Build.0 = Release|Any CPU
		{955125E7-C707-4D04-AAF5-6CC5F6B9121D}.Release|x86.ActiveCfg = Release|Any CPU
		{955125E7-C707-4D04-AAF5-6CC5F6B9121D}.Release|x86.Build.0 = Release|Any CPU
		{F292ECE2-3673-4163-88FD-689085FAD48A}.Debug|Any CPU.ActiveCfg = Debug|Any CPU
		{F292ECE2-3673-4163-88FD-689085FAD48A}.Debug|Any CPU.Build.0 = Debug|Any CPU
		{F292ECE2-3673-4163-88FD-689085FAD48A}.Debug|x64.ActiveCfg = Debug|Any CPU
		{F292ECE2-3673-4163-88FD-689085FAD48A}.Debug|x64.Build.0 = Debug|Any CPU
		{F292ECE2-3673-4163-88FD-689085FAD48A}.Debug|x86.ActiveCfg = Debug|Any CPU
		{F292ECE2-3673-4163-88FD-689085FAD48A}.Debug|x86.Build.0 = Debug|Any CPU
		{F292ECE2-3673-4163-88FD-689085FAD48A}.Release|Any CPU.ActiveCfg = Release|Any CPU
		{F292ECE2-3673-4163-88FD-689085FAD48A}.Release|Any CPU.Build.0 = Release|Any CPU
		{F292ECE2-3673-4163-88FD-689085FAD48A}.Release|x64.ActiveCfg = Release|Any CPU
		{F292ECE2-3673-4163-88FD-689085FAD48A}.Release|x64.Build.0 = Release|Any CPU
		{F292ECE2-3673-4163-88FD-689085FAD48A}.Release|x86.ActiveCfg = Release|Any CPU
		{F292ECE2-3673-4163-88FD-689085FAD48A}.Release|x86.Build.0 = Release|Any CPU
		{FB5AE940-08C6-4061-A6C9-F225C131124A}.Debug|Any CPU.ActiveCfg = Debug|Any CPU
		{FB5AE940-08C6-4061-A6C9-F225C131124A}.Debug|Any CPU.Build.0 = Debug|Any CPU
		{FB5AE940-08C6-4061-A6C9-F225C131124A}.Debug|x64.ActiveCfg = Debug|Any CPU
		{FB5AE940-08C6-4061-A6C9-F225C131124A}.Debug|x64.Build.0 = Debug|Any CPU
		{FB5AE940-08C6-4061-A6C9-F225C131124A}.Debug|x86.ActiveCfg = Debug|Any CPU
		{FB5AE940-08C6-4061-A6C9-F225C131124A}.Debug|x86.Build.0 = Debug|Any CPU
		{FB5AE940-08C6-4061-A6C9-F225C131124A}.Release|Any CPU.ActiveCfg = Release|Any CPU
		{FB5AE940-08C6-4061-A6C9-F225C131124A}.Release|Any CPU.Build.0 = Release|Any CPU
		{FB5AE940-08C6-4061-A6C9-F225C131124A}.Release|x64.ActiveCfg = Release|Any CPU
		{FB5AE940-08C6-4061-A6C9-F225C131124A}.Release|x64.Build.0 = Release|Any CPU
		{FB5AE940-08C6-4061-A6C9-F225C131124A}.Release|x86.ActiveCfg = Release|Any CPU
		{FB5AE940-08C6-4061-A6C9-F225C131124A}.Release|x86.Build.0 = Release|Any CPU
	EndGlobalSection
	GlobalSection(SolutionProperties) = preSolution
		HideSolutionNode = FALSE
	EndGlobalSection
	GlobalSection(NestedProjects) = preSolution
		{50FBDDBB-2FC0-480C-B1B6-A378FDB770A3} = {827E0CD3-B72D-47B6-A68D-7590B98EB39B}
		{FC422364-BC30-4845-93DD-A68BAA82330C} = {827E0CD3-B72D-47B6-A68D-7590B98EB39B}
		{D87DFABC-E815-4C8B-9484-3EB7D4AEDBBB} = {827E0CD3-B72D-47B6-A68D-7590B98EB39B}
		{955125E7-C707-4D04-AAF5-6CC5F6B9121D} = {827E0CD3-B72D-47B6-A68D-7590B98EB39B}
		{F292ECE2-3673-4163-88FD-689085FAD48A} = {0AB3BF05-4346-4AA6-1389-037BE0695223}
		{FB5AE940-08C6-4061-A6C9-F225C131124A} = {0AB3BF05-4346-4AA6-1389-037BE0695223}
	EndGlobalSection
EndGlobal
